// !$*UTF8*$!
{
	archiveVersion = 1;
	classes = {
	};
	objectVersion = 50;
	objects = {

/* Begin PBXBuildFile section */
		EE7690C9242E5C9100ABF23E /* AppDelegate.swift in Sources */ = {isa = PBXBuildFile; fileRef = EE7690C8242E5C9100ABF23E /* AppDelegate.swift */; };
		EE7690CB242E5C9100ABF23E /* SceneDelegate.swift in Sources */ = {isa = PBXBuildFile; fileRef = EE7690CA242E5C9100ABF23E /* SceneDelegate.swift */; };
		EE7690CD242E5C9100ABF23E /* ContentView.swift in Sources */ = {isa = PBXBuildFile; fileRef = EE7690CC242E5C9100ABF23E /* ContentView.swift */; };
		EE7690CF242E5C9200ABF23E /* Assets.xcassets in Resources */ = {isa = PBXBuildFile; fileRef = EE7690CE242E5C9200ABF23E /* Assets.xcassets */; };
		EE7690D2242E5C9200ABF23E /* Preview Assets.xcassets in Resources */ = {isa = PBXBuildFile; fileRef = EE7690D1242E5C9200ABF23E /* Preview Assets.xcassets */; };
		EE7690D5242E5C9200ABF23E /* LaunchScreen.storyboard in Resources */ = {isa = PBXBuildFile; fileRef = EE7690D3242E5C9200ABF23E /* LaunchScreen.storyboard */; };
/* End PBXBuildFile section */

/* Begin PBXFileReference section */
		EE7690C5242E5C9100ABF23E /* I Am Rich - SwiftUI.app */ = {isa = PBXFileReference; explicitFileType = wrapper.application; includeInIndex = 0; path = "I Am Rich - SwiftUI.app"; sourceTree = BUILT_PRODUCTS_DIR; };
		EE7690C8242E5C9100ABF23E /* AppDelegate.swift */ = {isa = PBXFileReference; lastKnownFileType = sourcecode.swift; path = AppDelegate.swift; sourceTree = "<group>"; };
		EE7690CA242E5C9100ABF23E /* SceneDelegate.swift */ = {isa = PBXFileReference; lastKnownFileType = sourcecode.swift; path = SceneDelegate.swift; sourceTree = "<group>"; };
		EE7690CC242E5C9100ABF23E /* ContentView.swift */ = {isa = PBXFileReference; lastKnownFileType = sourcecode.swift; path = ContentView.swift; sourceTree = "<group>"; };
		EE7690CE242E5C9200ABF23E /* Assets.xcassets */ = {isa = PBXFileReference; lastKnownFileType = folder.assetcatalog; path = Assets.xcassets; sourceTree = "<group>"; };
		EE7690D1242E5C9200ABF23E /* Preview Assets.xcassets */ = {isa = PBXFileReference; lastKnownFileType = folder.assetcatalog; path = "Preview Assets.xcassets"; sourceTree = "<group>"; };
		EE7690D4242E5C9200ABF23E /* Base */ = {isa = PBXFileReference; lastKnownFileType = file.storyboard; name = Base; path = Base.lproj/LaunchScreen.storyboard; sourceTree = "<group>"; };
		EE7690D6242E5C9200ABF23E /* Info.plist */ = {isa = PBXFileReference; lastKnownFileType = text.plist.xml; path = Info.plist; sourceTree = "<group>"; };
/* End PBXFileReference section */

/* Begin PBXFrameworksBuildPhase section */
		EE7690C2242E5C9100ABF23E /* Frameworks */ = {
			isa = PBXFrameworksBuildPhase;
			buildActionMask = 2147483647;
			files = (
			);
			runOnlyForDeploymentPostprocessing = 0;
		};
/* End PBXFrameworksBuildPhase section */

/* Begin PBXGroup section */
		EE7690BC242E5C9100ABF23E = {
			isa = PBXGroup;
			children = (
				EE7690C7242E5C9100ABF23E /* I Am Rich - SwiftUI */,
				EE7690C6242E5C9100ABF23E /* Products */,
			);
			sourceTree = "<group>";
		};
		EE7690C6242E5C9100ABF23E /* Products */ = {
			isa = PBXGroup;
			children = (
				EE7690C5242E5C9100ABF23E /* I Am Rich - SwiftUI.app */,
			);
			name = Products;
			sourceTree = "<group>";
		};
		EE7690C7242E5C9100ABF23E /* I Am Rich - SwiftUI */ = {
			isa = PBXGroup;
			children = (
				EE7690C8242E5C9100ABF23E /* AppDelegate.swift */,
				EE7690CA242E5C9100ABF23E /* SceneDelegate.swift */,
				EE7690CC242E5C9100ABF23E /* ContentView.swift */,
				EE7690CE242E5C9200ABF23E /* Assets.xcassets */,
				EE7690D3242E5C9200ABF23E /* LaunchScreen.storyboard */,
				EE7690D6242E5C9200ABF23E /* Info.plist */,
				EE7690D0242E5C9200ABF23E /* Preview Content */,
			);
			path = "I Am Rich - SwiftUI";
			sourceTree = "<group>";
		};
		EE7690D0242E5C9200ABF23E /* Preview Content */ = {
			isa = PBXGroup;
			children = (
				EE7690D1242E5C9200ABF23E /* Preview Assets.xcassets */,
			);
			path = "Preview Content";
			sourceTree = "<group>";
		};
/* End PBXGroup section */

/* Begin PBXNativeTarget section */
		EE7690C4242E5C9100ABF23E /* I Am Rich - SwiftUI */ = {
			isa = PBXNativeTarget;
			buildConfigurationList = EE7690D9242E5C9200ABF23E /* Build configuration list for PBXNativeTarget "I Am Rich - SwiftUI" */;
			buildPhases = (
				EE7690C1242E5C9100ABF23E /* Sources */,
				EE7690C2242E5C9100ABF23E /* Frameworks */,
				EE7690C3242E5C9100ABF23E /* Resources */,
			);
			buildRules = (
			);
			dependencies = (
			);
			name = "I Am Rich - SwiftUI";
			productName = "I Am Rich - SwiftUI";
			productReference = EE7690C5242E5C9100ABF23E /* I Am Rich - SwiftUI.app */;
			productType = "com.apple.product-type.application";
		};
/* End PBXNativeTarget section */

/* Begin PBXProject section */
		EE7690BD242E5C9100ABF23E /* Project object */ = {
			isa = PBXProject;
			attributes = {
				LastSwiftUpdateCheck = 1130;
				LastUpgradeCheck = 1130;
				ORGANIZATIONNAME = "Roberto Liccardo";
				TargetAttributes = {
					EE7690C4242E5C9100ABF23E = {
						CreatedOnToolsVersion = 11.3.1;
					};
				};
			};
			buildConfigurationList = EE7690C0242E5C9100ABF23E /* Build configuration list for PBXProject "I Am Rich - SwiftUI" */;
			compatibilityVersion = "Xcode 9.3";
			developmentRegion = en;
			hasScannedForEncodings = 0;
			knownRegions = (
				en,
				Base,
			);
			mainGroup = EE7690BC242E5C9100ABF23E;
			productRefGroup = EE7690C6242E5C9100ABF23E /* Products */;
			projectDirPath = "";
			projectRoot = "";
			targets = (
				EE7690C4242E5C9100ABF23E /* I Am Rich - SwiftUI */,
			);
		};
/* End PBXProject section */

/* Begin PBXResourcesBuildPhase section */
		EE7690C3242E5C9100ABF23E /* Resources */ = {
			isa = PBXResourcesBuildPhase;
			buildActionMask = 2147483647;
			files = (
				EE7690D5242E5C9200ABF23E /* LaunchScreen.storyboard in Resources */,
				EE7690D2242E5C9200ABF23E /* Preview Assets.xcassets in Resources */,
				EE7690CF242E5C9200ABF23E /* Assets.xcassets in Resources */,
			);
			runOnlyForDeploymentPostprocessing = 0;
		};
/* End PBXResourcesBuildPhase section */

/* Begin PBXSourcesBuildPhase section */
		EE7690C1242E5C9100ABF23E /* Sources */ = {
			isa = PBXSourcesBuildPhase;
			buildActionMask = 2147483647;
			files = (
				EE7690C9242E5C9100ABF23E /* AppDelegate.swift in Sources */,
				EE7690CB242E5C9100ABF23E /* SceneDelegate.swift in Sources */,
				EE7690CD242E5C9100ABF23E /* ContentView.swift in Sources */,
			);
			runOnlyForDeploymentPostprocessing = 0;
		};
/* End PBXSourcesBuildPhase section */

/* Begin PBXVariantGroup section */
		EE7690D3242E5C9200ABF23E /* LaunchScreen.storyboard */ = {
			isa = PBXVariantGroup;
			children = (
				EE7690D4242E5C9200ABF23E /* Base */,
			);
			name = LaunchScreen.storyboard;
			sourceTree = "<group>";
		};
/* End PBXVariantGroup section */

/* Begin XCBuildConfiguration section */
		EE7690D7242E5C9200ABF23E /* Debug */ = {
			isa = XCBuildConfiguration;
			buildSettings = {
				ALWAYS_SEARCH_USER_PATHS = NO;
				CLANG_ANALYZER_NONNULL = YES;
				CLANG_ANALYZER_NUMBER_OBJECT_CONVERSION = YES_AGGRESSIVE;
				CLANG_CXX_LANGUAGE_STANDARD = "gnu++14";
				CLANG_CXX_LIBRARY = "libc++";
				CLANG_ENABLE_MODULES = YES;
				CLANG_ENABLE_OBJC_ARC = YES;
				CLANG_ENABLE_OBJC_WEAK = YES;
				CLANG_WARN_BLOCK_CAPTURE_AUTORELEASING = YES;
				CLANG_WARN_BOOL_CONVERSION = YES;
				CLANG_WARN_COMMA = YES;
				CLANG_WARN_CONSTANT_CONVERSION = YES;
				CLANG_WARN_DEPRECATED_OBJC_IMPLEMENTATIONS = YES;
				CLANG_WARN_DIRECT_OBJC_ISA_USAGE = YES_ERROR;
				CLANG_WARN_DOCUMENTATION_COMMENTS = YES;
				CLANG_WARN_EMPTY_BODY = YES;
				CLANG_WARN_ENUM_CONVERSION = YES;
				CLANG_WARN_INFINITE_RECURSION = YES;
				CLANG_WARN_INT_CONVERSION = YES;
				CLANG_WARN_NON_LITERAL_NULL_CONVERSION = YES;
				CLANG_WARN_OBJC_IMPLICIT_RETAIN_SELF = YES;
				CLANG_WARN_OBJC_LITERAL_CONVERSION = YES;
				CLANG_WARN_OBJC_ROOT_CLASS = YES_ERROR;
				CLANG_WARN_RANGE_LOOP_ANALYSIS = YES;
				CLANG_WARN_STRICT_PROTOTYPES = YES;
				CLANG_WARN_SUSPICIOUS_MOVE = YES;
				CLANG_WARN_UNGUARDED_AVAILABILITY = YES_AGGRESSIVE;
				CLANG_WARN_UNREACHABLE_CODE = YES;
				CLANG_WARN__DUPLICATE_METHOD_MATCH = YES;
				COPY_PHASE_STRIP = NO;
				DEBUG_INFORMATION_FORMAT = dwarf;
				ENABLE_STRICT_OBJC_MSGSEND = YES;
				ENABLE_TESTABILITY = YES;
				GCC_C_LANGUAGE_STANDARD = gnu11;
				GCC_DYNAMIC_NO_PIC = NO;
				GCC_NO_COMMON_BLOCKS = YES;
				GCC_OPTIMIZATION_LEVEL = 0;
				GCC_PREPROCESSOR_DEFINITIONS = (
					"DEBUG=1",
					"$(inherited)",
				);
				GCC_WARN_64_TO_32_BIT_CONVERSION = YES;
				GCC_WARN_ABOUT_RETURN_TYPE = YES_ERROR;
				GCC_WARN_UNDECLARED_SELECTOR = YES;
				GCC_WARN_UNINITIALIZED_AUTOS = YES_AGGRESSIVE;
				GCC_WARN_UNUSED_FUNCTION = YES;
				GCC_WARN_UNUSED_VARIABLE = YES;
				IPHONEOS_DEPLOYMENT_TARGET = 13.2;
				MTL_ENABLE_DEBUG_INFO = INCLUDE_SOURCE;
				MTL_FAST_MATH = YES;
				ONLY_ACTIVE_ARCH = YES;
				SDKROOT = iphoneos;
				SWIFT_ACTIVE_COMPILATION_CONDITIONS = DEBUG;
				SWIFT_OPTIMIZATION_LEVEL = "-Onone";
			};
			name = Debug;
		};
		EE7690D8242E5C9200ABF23E /* Release */ = {
			isa = XCBuildConfiguration;
			buildSettings = {
				ALWAYS_SEARCH_USER_PATHS = NO;
				CLANG_ANALYZER_NONNULL = YES;
				CLANG_ANALYZER_NUMBER_OBJECT_CONVERSION = YES_AGGRESSIVE;
				CLANG_CXX_LANGUAGE_STANDARD = "gnu++14";
				CLANG_CXX_LIBRARY = "libc++";
				CLANG_ENABLE_MODULES = YES;
				CLANG_ENABLE_OBJC_ARC = YES;
				CLANG_ENABLE_OBJC_WEAK = YES;
				CLANG_WARN_BLOCK_CAPTURE_AUTORELEASING = YES;
				CLANG_WARN_BOOL_CONVERSION = YES;
				CLANG_WARN_COMMA = YES;
				CLANG_WARN_CONSTANT_CONVERSION = YES;
				CLANG_WARN_DEPRECATED_OBJC_IMPLEMENTATIONS = YES;
				CLANG_WARN_DIRECT_OBJC_ISA_USAGE = YES_ERROR;
				CLANG_WARN_DOCUMENTATION_COMMENTS = YES;
				CLANG_WARN_EMPTY_BODY = YES;
				CLANG_WARN_ENUM_CONVERSION = YES;
				CLANG_WARN_INFINITE_RECURSION = YES;
				CLANG_WARN_INT_CONVERSION = YES;
				CLANG_WARN_NON_LITERAL_NULL_CONVERSION = YES;
				CLANG_WARN_OBJC_IMPLICIT_RETAIN_SELF = YES;
				CLANG_WARN_OBJC_LITERAL_CONVERSION = YES;
				CLANG_WARN_OBJC_ROOT_CLASS = YES_ERROR;
				CLANG_WARN_RANGE_LOOP_ANALYSIS = YES;
				CLANG_WARN_STRICT_PROTOTYPES = YES;
				CLANG_WARN_SUSPICIOUS_MOVE = YES;
				CLANG_WARN_UNGUARDED_AVAILABILITY = YES_AGGRESSIVE;
				CLANG_WARN_UNREACHABLE_CODE = YES;
				CLANG_WARN__DUPLICATE_METHOD_MATCH = YES;
				COPY_PHASE_STRIP = NO;
				DEBUG_INFORMATION_FORMAT = "dwarf-with-dsym";
				ENABLE_NS_ASSERTIONS = NO;
				ENABLE_STRICT_OBJC_MSGSEND = YES;
				GCC_C_LANGUAGE_STANDARD = gnu11;
				GCC_NO_COMMON_BLOCKS = YES;
				GCC_WARN_64_TO_32_BIT_CONVERSION = YES;
				GCC_WARN_ABOUT_RETURN_TYPE = YES_ERROR;
				GCC_WARN_UNDECLARED_SELECTOR = YES;
				GCC_WARN_UNINITIALIZED_AUTOS = YES_AGGRESSIVE;
				GCC_WARN_UNUSED_FUNCTION = YES;
				GCC_WARN_UNUSED_VARIABLE = YES;
				IPHONEOS_DEPLOYMENT_TARGET = 13.2;
				MTL_ENABLE_DEBUG_INFO = NO;
				MTL_FAST_MATH = YES;
				SDKROOT = iphoneos;
				SWIFT_COMPILATION_MODE = wholemodule;
				SWIFT_OPTIMIZATION_LEVEL = "-O";
				VALIDATE_PRODUCT = YES;
			};
			name = Release;
		};
		EE7690DA242E5C9200ABF23E /* Debug */ = {
			isa = XCBuildConfiguration;
			buildSettings = {
				ASSETCATALOG_COMPILER_APPICON_NAME = AppIcon;
				CODE_SIGN_STYLE = Automatic;
				DEVELOPMENT_ASSET_PATHS = "\"I Am Rich - SwiftUI/Preview Content\"";
				DEVELOPMENT_TEAM = JY68QCXDV6;
				ENABLE_PREVIEWS = YES;
				INFOPLIST_FILE = "I Am Rich - SwiftUI/Info.plist";
				LD_RUNPATH_SEARCH_PATHS = (
					"$(inherited)",
					"@executable_path/Frameworks",
				);
				PRODUCT_BUNDLE_IDENTIFIER = "com.robertoliccardo.I-Am-Rich---SwiftUI";
				PRODUCT_NAME = "$(TARGET_NAME)";
				SWIFT_VERSION = 5.0;
				TARGETED_DEVICE_FAMILY = "1,2";
			};
			name = Debug;
		};
		EE7690DB242E5C9200ABF23E /* Release */ = {
			isa = XCBuildConfiguration;
			buildSettings = {
				ASSETCATALOG_COMPILER_APPICON_NAME = AppIcon;
				CODE_SIGN_STYLE = Automatic;
				DEVELOPMENT_ASSET_PATHS = "\"I Am Rich - SwiftUI/Preview Content\"";
				DEVELOPMENT_TEAM = JY68QCXDV6;
				ENABLE_PREVIEWS = YES;
				INFOPLIST_FILE = "I Am Rich - SwiftUI/Info.plist";
				LD_RUNPATH_SEARCH_PATHS = (
					"$(inherited)",
					"@executable_path/Frameworks",
				);
				PRODUCT_BUNDLE_IDENTIFIER = "com.robertoliccardo.I-Am-Rich---SwiftUI";
				PRODUCT_NAME = "$(TARGET_NAME)";
				SWIFT_VERSION = 5.0;
				TARGETED_DEVICE_FAMILY = "1,2";
			};
			name = Release;
		};
/* End XCBuildConfiguration section */

/* Begin XCConfigurationList section */
		EE7690C0242E5C9100ABF23E /* Build configuration list for PBXProject "I Am Rich - SwiftUI" */ = {
			isa = XCConfigurationList;
			buildConfigurations = (
				EE7690D7242E5C9200ABF23E /* Debug */,
				EE7690D8242E5C9200ABF23E /* Release */,
			);
			defaultConfigurationIsVisible = 0;
			defaultConfigurationName = Release;
		};
		EE7690D9242E5C9200ABF23E /* Build configuration list for PBXNativeTarget "I Am Rich - SwiftUI" */ = {
			isa = XCConfigurationList;
			buildConfigurations = (
				EE7690DA242E5C9200ABF23E /* Debug */,
				EE7690DB242E5C9200ABF23E /* Release */,
			);
			defaultConfigurationIsVisible = 0;
			defaultConfigurationName = Release;
		};
/* End XCConfigurationList section */
	};
	rootObject = EE7690BD242E5C9100ABF23E /* Project object */;
}
